
Microsoft Visual Studio Solution File, Format Version 12.00
# Visual Studio Version 16
VisualStudioVersion = 16.0.31829.152
MinimumVisualStudioVersion = 10.0.40219.1
Project("{FAE04EC0-301F-11D3-BF4B-00C04F79EFBC}") = "Restaurant1", "Restaurant1\Restaurant1.csproj", "{8A4D360C-21FB-4E73-8708-65DB6C98A644}"
EndProject
Global
	GlobalSection(SolutionConfigurationPlatforms) = preSolution
		Debug|Any CPU = Debug|Any CPU
		Release|Any CPU = Release|Any CPU
	EndGlobalSection
	GlobalSection(ProjectConfigurationPlatforms) = postSolution
		{8A4D360C-21FB-4E73-8708-65DB6C98A644}.Debug|Any CPU.ActiveCfg = Debug|Any CPU
		{8A4D360C-21FB-4E73-8708-65DB6C98A644}.Debug|Any CPU.Build.0 = Debug|Any CPU
		{8A4D360C-21FB-4E73-8708-65DB6C98A644}.Release|Any CPU.ActiveCfg = Release|Any CPU
		{8A4D360C-21FB-4E73-8708-65DB6C98A644}.Release|Any CPU.Build.0 = Release|Any CPU
	EndGlobalSection
	GlobalSection(SolutionProperties) = preSolution
		HideSolutionNode = FALSE
	EndGlobalSection
	GlobalSection(ExtensibilityGlobals) = postSolution
		SolutionGuid = {ECAD645D-79AD-4A0C-BFCD-0508E1C04D80}
	EndGlobalSection
EndGlobal
